
Microsoft Visual Studio Solution File, Format Version 12.00
# Visual Studio 15
VisualStudioVersion = 15.0.28307.489
MinimumVisualStudioVersion = 10.0.40219.1
Project("{8BC9CEB8-8B4A-11D0-8D11-00A0C91BC942}") = "Common_Project", "Common_Project\Common_Project\Common_Project.vcxproj", "{962AC1A9-7339-49FF-BE7C-476F037098E2}"
EndProject
Project("{8BC9CEB8-8B4A-11D0-8D11-00A0C91BC942}") = "Password_Confirmation", "Password_Confirmation\Password_Confirmation.vcxproj", "{0A2B9901-B2E6-4FC9-829C-769D3691181B}"
EndProject
Global
	GlobalSection(SolutionConfigurationPlatforms) = preSolution
		Debug|x64 = Debug|x64
		Debug|x86 = Debug|x86
		Release|x64 = Release|x64
		Release|x86 = Release|x86
	EndGlobalSection
	GlobalSection(ProjectConfigurationPlatforms) = postSolution
		{962AC1A9-7339-49FF-BE7C-476F037098E2}.Debug|x64.ActiveCfg = Debug|x64
		{962AC1A9-7339-49FF-BE7C-476F037098E2}.Debug|x64.Build.0 = Debug|x64
		{962AC1A9-7339-49FF-BE7C-476F037098E2}.Debug|x86.ActiveCfg = Debug|Win32
		{962AC1A9-7339-49FF-BE7C-476F037098E2}.Debug|x86.Build.0 = Debug|Win32
		{962AC1A9-7339-49FF-BE7C-476F037098E2}.Release|x64.ActiveCfg = Release|x64
		{962AC1A9-7339-49FF-BE7C-476F037098E2}.Release|x64.Build.0 = Release|x64
		{962AC1A9-7339-49FF-BE7C-476F037098E2}.Release|x86.ActiveCfg = Release|Win32
		{962AC1A9-7339-49FF-BE7C-476F037098E2}.Release|x86.Build.0 = Release|Win32
		{0A2B9901-B2E6-4FC9-829C-769D3691181B}.Debug|x64.ActiveCfg = Debug|x64
		{0A2B9901-B2E6-4FC9-829C-769D3691181B}.Debug|x64.Build.0 = Debug|x64
		{0A2B9901-B2E6-4FC9-829C-769D3691181B}.Debug|x86.ActiveCfg = Debug|Win32
		{0A2B9901-B2E6-4FC9-829C-769D3691181B}.Debug|x86.Build.0 = Debug|Win32
		{0A2B9901-B2E6-4FC9-829C-769D3691181B}.Release|x64.ActiveCfg = Release|x64
		{0A2B9901-B2E6-4FC9-829C-769D3691181B}.Release|x64.Build.0 = Release|x64
		{0A2B9901-B2E6-4FC9-829C-769D3691181B}.Release|x86.ActiveCfg = Release|Win32
		{0A2B9901-B2E6-4FC9-829C-769D3691181B}.Release|x86.Build.0 = Release|Win32
	EndGlobalSection
	GlobalSection(SolutionProperties) = preSolution
		HideSolutionNode = FALSE
	EndGlobalSection
	GlobalSection(ExtensibilityGlobals) = postSolution
		SolutionGuid = {BB0B6D96-AB94-4DEA-B10D-F5337A72522C}
	EndGlobalSection
EndGlobal
